
Microsoft Visual Studio Solution File, Format Version 12.00
# Visual Studio Version 17
VisualStudioVersion = 17.0.31903.59
MinimumVisualStudioVersion = 10.0.40219.1
Project("{2150E333-8FDC-42A3-9474-1A3956D46DE8}") = "src", "src", "{15AD4AFF-82AB-4707-891A-0772D4BD245A}"
EndProject
Project("{FAE04EC0-301F-11D3-BF4B-00C04F79EFBC}") = "AdapterPattern", "src\AdapterPattern\AdapterPattern.csproj", "{9A523BFB-438B-42AD-B73F-D30B3DBDF422}"
EndProject
Project("{FAE04EC0-301F-11D3-BF4B-00C04F79EFBC}") = "Cli", "src\Cli\Cli.csproj", "{74B335BF-D2C5-4BEF-9087-13BA6D99BD76}"
EndProject
Project("{FAE04EC0-301F-11D3-BF4B-00C04F79EFBC}") = "DecoratorPattern", "src\DecoratorPattern\DecoratorPattern.csproj", "{6092718C-579F-4067-8446-B5C023C655DF}"
EndProject
Project("{FAE04EC0-301F-11D3-BF4B-00C04F79EFBC}") = "DuckBehaviour", "src\DuckBehaviour\DuckBehaviour.csproj", "{CB026DB1-3A11-474F-B067-40891452BD55}"
EndProject
Project("{FAE04EC0-301F-11D3-BF4B-00C04F79EFBC}") = "IteratorPattern", "src\IteratorPattern\IteratorPattern.csproj", "{07DE262B-72E6-4812-A694-87E1DA43A667}"
EndProject
Project("{FAE04EC0-301F-11D3-BF4B-00C04F79EFBC}") = "ObserverPattern", "src\ObserverPattern\ObserverPattern.csproj", "{10768E1F-6854-418C-A682-422D29572474}"
EndProject
Project("{FAE04EC0-301F-11D3-BF4B-00C04F79EFBC}") = "StrategyPattern", "src\StrategyPattern\StrategyPattern.csproj", "{032DE549-5522-472F-A0A5-A573FB5E7D0C}"
EndProject
Global
	GlobalSection(SolutionConfigurationPlatforms) = preSolution
		Debug|Any CPU = Debug|Any CPU
		Release|Any CPU = Release|Any CPU
	EndGlobalSection
	GlobalSection(SolutionProperties) = preSolution
		HideSolutionNode = FALSE
	EndGlobalSection
	GlobalSection(ProjectConfigurationPlatforms) = postSolution
		{9A523BFB-438B-42AD-B73F-D30B3DBDF422}.Debug|Any CPU.ActiveCfg = Debug|Any CPU
		{9A523BFB-438B-42AD-B73F-D30B3DBDF422}.Debug|Any CPU.Build.0 = Debug|Any CPU
		{9A523BFB-438B-42AD-B73F-D30B3DBDF422}.Release|Any CPU.ActiveCfg = Release|Any CPU
		{9A523BFB-438B-42AD-B73F-D30B3DBDF422}.Release|Any CPU.Build.0 = Release|Any CPU
		{74B335BF-D2C5-4BEF-9087-13BA6D99BD76}.Debug|Any CPU.ActiveCfg = Debug|Any CPU
		{74B335BF-D2C5-4BEF-9087-13BA6D99BD76}.Debug|Any CPU.Build.0 = Debug|Any CPU
		{74B335BF-D2C5-4BEF-9087-13BA6D99BD76}.Release|Any CPU.ActiveCfg = Release|Any CPU
		{74B335BF-D2C5-4BEF-9087-13BA6D99BD76}.Release|Any CPU.Build.0 = Release|Any CPU
		{6092718C-579F-4067-8446-B5C023C655DF}.Debug|Any CPU.ActiveCfg = Debug|Any CPU
		{6092718C-579F-4067-8446-B5C023C655DF}.Debug|Any CPU.Build.0 = Debug|Any CPU
		{6092718C-579F-4067-8446-B5C023C655DF}.Release|Any CPU.ActiveCfg = Release|Any CPU
		{6092718C-579F-4067-8446-B5C023C655DF}.Release|Any CPU.Build.0 = Release|Any CPU
		{CB026DB1-3A11-474F-B067-40891452BD55}.Debug|Any CPU.ActiveCfg = Debug|Any CPU
		{CB026DB1-3A11-474F-B067-40891452BD55}.Debug|Any CPU.Build.0 = Debug|Any CPU
		{CB026DB1-3A11-474F-B067-40891452BD55}.Release|Any CPU.ActiveCfg = Release|Any CPU
		{CB026DB1-3A11-474F-B067-40891452BD55}.Release|Any CPU.Build.0 = Release|Any CPU
		{07DE262B-72E6-4812-A694-87E1DA43A667}.Debug|Any CPU.ActiveCfg = Debug|Any CPU
		{07DE262B-72E6-4812-A694-87E1DA43A667}.Debug|Any CPU.Build.0 = Debug|Any CPU
		{07DE262B-72E6-4812-A694-87E1DA43A667}.Release|Any CPU.ActiveCfg = Release|Any CPU
		{07DE262B-72E6-4812-A694-87E1DA43A667}.Release|Any CPU.Build.0 = Release|Any CPU
		{10768E1F-6854-418C-A682-422D29572474}.Debug|Any CPU.ActiveCfg = Debug|Any CPU
		{10768E1F-6854-418C-A682-422D29572474}.Debug|Any CPU.Build.0 = Debug|Any CPU
		{10768E1F-6854-418C-A682-422D29572474}.Release|Any CPU.ActiveCfg = Release|Any CPU
		{10768E1F-6854-418C-A682-422D29572474}.Release|Any CPU.Build.0 = Release|Any CPU
		{032DE549-5522-472F-A0A5-A573FB5E7D0C}.Debug|Any CPU.ActiveCfg = Debug|Any CPU
		{032DE549-5522-472F-A0A5-A573FB5E7D0C}.Debug|Any CPU.Build.0 = Debug|Any CPU
		{032DE549-5522-472F-A0A5-A573FB5E7D0C}.Release|Any CPU.ActiveCfg = Release|Any CPU
		{032DE549-5522-472F-A0A5-A573FB5E7D0C}.Release|Any CPU.Build.0 = Release|Any CPU
	EndGlobalSection
	GlobalSection(NestedProjects) = preSolution
		{9A523BFB-438B-42AD-B73F-D30B3DBDF422} = {15AD4AFF-82AB-4707-891A-0772D4BD245A}
		{74B335BF-D2C5-4BEF-9087-13BA6D99BD76} = {15AD4AFF-82AB-4707-891A-0772D4BD245A}
		{6092718C-579F-4067-8446-B5C023C655DF} = {15AD4AFF-82AB-4707-891A-0772D4BD245A}
		{CB026DB1-3A11-474F-B067-40891452BD55} = {15AD4AFF-82AB-4707-891A-0772D4BD245A}
		{07DE262B-72E6-4812-A694-87E1DA43A667} = {15AD4AFF-82AB-4707-891A-0772D4BD245A}
		{10768E1F-6854-418C-A682-422D29572474} = {15AD4AFF-82AB-4707-891A-0772D4BD245A}
		{032DE549-5522-472F-A0A5-A573FB5E7D0C} = {15AD4AFF-82AB-4707-891A-0772D4BD245A}
	EndGlobalSection
EndGlobal
