
Microsoft Visual Studio Solution File, Format Version 12.00
# Visual Studio Version 17
VisualStudioVersion = 17.0.31903.59
MinimumVisualStudioVersion = 10.0.40219.1
Project("{FAE04EC0-301F-11D3-BF4B-00C04F79EFBC}") = "AdapterPattern", "AdapterPattern\AdapterPattern.csproj", "{543DBF21-4FC9-4292-8A50-4BA6AD4E07B7}"
EndProject
Project("{FAE04EC0-301F-11D3-BF4B-00C04F79EFBC}") = "ConsoleApp", "ConsoleApp\ConsoleApp.csproj", "{B99F9733-DDC8-4258-844C-E355C4185ED1}"
EndProject
Project("{FAE04EC0-301F-11D3-BF4B-00C04F79EFBC}") = "DecoratorPattern", "DecoratorPattern\DecoratorPattern.csproj", "{33ECA42E-D5BE-4CDE-A038-9F3FF88D5E88}"
EndProject
Project("{FAE04EC0-301F-11D3-BF4B-00C04F79EFBC}") = "DuckBehaviour", "DuckBehaviour\DuckBehaviour.csproj", "{402EDF58-BF39-4B2C-A7DE-43AC9D93BB14}"
EndProject
Project("{FAE04EC0-301F-11D3-BF4B-00C04F79EFBC}") = "ObserverPattern", "ObserverPattern\ObserverPattern.csproj", "{D05C32F9-AC0A-48EE-9C41-73C776323107}"
EndProject
Project("{FAE04EC0-301F-11D3-BF4B-00C04F79EFBC}") = "StrategyPattern", "StrategyPattern\StrategyPattern.csproj", "{6F23A5F2-BF96-4CF2-90BA-A11DEFC08FA4}"
EndProject
Global
	GlobalSection(SolutionConfigurationPlatforms) = preSolution
		Debug|Any CPU = Debug|Any CPU
		Release|Any CPU = Release|Any CPU
	EndGlobalSection
	GlobalSection(SolutionProperties) = preSolution
		HideSolutionNode = FALSE
	EndGlobalSection
	GlobalSection(ProjectConfigurationPlatforms) = postSolution
		{543DBF21-4FC9-4292-8A50-4BA6AD4E07B7}.Debug|Any CPU.ActiveCfg = Debug|Any CPU
		{543DBF21-4FC9-4292-8A50-4BA6AD4E07B7}.Debug|Any CPU.Build.0 = Debug|Any CPU
		{543DBF21-4FC9-4292-8A50-4BA6AD4E07B7}.Release|Any CPU.ActiveCfg = Release|Any CPU
		{543DBF21-4FC9-4292-8A50-4BA6AD4E07B7}.Release|Any CPU.Build.0 = Release|Any CPU
		{B99F9733-DDC8-4258-844C-E355C4185ED1}.Debug|Any CPU.ActiveCfg = Debug|Any CPU
		{B99F9733-DDC8-4258-844C-E355C4185ED1}.Debug|Any CPU.Build.0 = Debug|Any CPU
		{B99F9733-DDC8-4258-844C-E355C4185ED1}.Release|Any CPU.ActiveCfg = Release|Any CPU
		{B99F9733-DDC8-4258-844C-E355C4185ED1}.Release|Any CPU.Build.0 = Release|Any CPU
		{33ECA42E-D5BE-4CDE-A038-9F3FF88D5E88}.Debug|Any CPU.ActiveCfg = Debug|Any CPU
		{33ECA42E-D5BE-4CDE-A038-9F3FF88D5E88}.Debug|Any CPU.Build.0 = Debug|Any CPU
		{33ECA42E-D5BE-4CDE-A038-9F3FF88D5E88}.Release|Any CPU.ActiveCfg = Release|Any CPU
		{33ECA42E-D5BE-4CDE-A038-9F3FF88D5E88}.Release|Any CPU.Build.0 = Release|Any CPU
		{402EDF58-BF39-4B2C-A7DE-43AC9D93BB14}.Debug|Any CPU.ActiveCfg = Debug|Any CPU
		{402EDF58-BF39-4B2C-A7DE-43AC9D93BB14}.Debug|Any CPU.Build.0 = Debug|Any CPU
		{402EDF58-BF39-4B2C-A7DE-43AC9D93BB14}.Release|Any CPU.ActiveCfg = Release|Any CPU
		{402EDF58-BF39-4B2C-A7DE-43AC9D93BB14}.Release|Any CPU.Build.0 = Release|Any CPU
		{D05C32F9-AC0A-48EE-9C41-73C776323107}.Debug|Any CPU.ActiveCfg = Debug|Any CPU
		{D05C32F9-AC0A-48EE-9C41-73C776323107}.Debug|Any CPU.Build.0 = Debug|Any CPU
		{D05C32F9-AC0A-48EE-9C41-73C776323107}.Release|Any CPU.ActiveCfg = Release|Any CPU
		{D05C32F9-AC0A-48EE-9C41-73C776323107}.Release|Any CPU.Build.0 = Release|Any CPU
		{6F23A5F2-BF96-4CF2-90BA-A11DEFC08FA4}.Debug|Any CPU.ActiveCfg = Debug|Any CPU
		{6F23A5F2-BF96-4CF2-90BA-A11DEFC08FA4}.Debug|Any CPU.Build.0 = Debug|Any CPU
		{6F23A5F2-BF96-4CF2-90BA-A11DEFC08FA4}.Release|Any CPU.ActiveCfg = Release|Any CPU
		{6F23A5F2-BF96-4CF2-90BA-A11DEFC08FA4}.Release|Any CPU.Build.0 = Release|Any CPU
	EndGlobalSection
EndGlobal
